
Microsoft Visual Studio Solution File, Format Version 12.00
# Visual Studio 2012
Project("{FAE04EC0-301F-11D3-BF4B-00C04F79EFBC}") = "XamarinUniversity", "XamarinUniversity\XamarinUniversity.csproj", "{460539C5-7D03-467E-A0EE-11A88AE58B13}"
EndProject
Global
	GlobalSection(SolutionConfigurationPlatforms) = preSolution
		Debug|Any CPU = Debug|Any CPU
		Release|Any CPU = Release|Any CPU
	EndGlobalSection
	GlobalSection(ProjectConfigurationPlatforms) = postSolution
		{460539C5-7D03-467E-A0EE-11A88AE58B13}.Debug|Any CPU.ActiveCfg = Debug|Any CPU
		{460539C5-7D03-467E-A0EE-11A88AE58B13}.Debug|Any CPU.Build.0 = Debug|Any CPU
		{460539C5-7D03-467E-A0EE-11A88AE58B13}.Release|Any CPU.ActiveCfg = Release|Any CPU
		{460539C5-7D03-467E-A0EE-11A88AE58B13}.Release|Any CPU.Build.0 = Release|Any CPU
	EndGlobalSection
EndGlobal
